
Microsoft Visual Studio Solution File, Format Version 12.00
# Visual Studio Version 17
VisualStudioVersion = 17.0.31903.59
MinimumVisualStudioVersion = 10.0.40219.1
Project("{2150E333-8FDC-42A3-9474-1A3956D46DE8}") = "src", "src", "{827E0CD3-B72D-47B6-A68D-7590B98EB39B}"
EndProject
Project("{FAE04EC0-301F-11D3-BF4B-00C04F79EFBC}") = "GovErp.Application.Web", "src\GovErp.Application.Web\GovErp.Application.Web.csproj", "{F9C3C85B-CA52-49CB-A330-A095D8AD3BC3}"
EndProject
Project("{FAE04EC0-301F-11D3-BF4B-00C04F79EFBC}") = "GovErp.Domain.Shared", "src\GovErp.Domain.Shared\GovErp.Domain.Shared.csproj", "{03D94EDF-6550-46FD-B8FF-9CF0C1849D93}"
EndProject
Project("{FAE04EC0-301F-11D3-BF4B-00C04F79EFBC}") = "GovErp.Domain.ChartOfAccounts", "src\GovErp.Domain.ChartOfAccounts\GovErp.Domain.ChartOfAccounts.csproj", "{46A44522-9823-4DA3-B3EF-64E37F7BB1E5}"
EndProject
Project("{FAE04EC0-301F-11D3-BF4B-00C04F79EFBC}") = "GovErp.Domain.Ledger", "src\GovErp.Domain.Ledger\GovErp.Domain.Ledger.csproj", "{F145075C-C4FC-4150-BC58-BA83EB16A1D2}"
EndProject
Project("{FAE04EC0-301F-11D3-BF4B-00C04F79EFBC}") = "GovErp.Domain.Payables", "src\GovErp.Domain.Payables\GovErp.Domain.Payables.csproj", "{048D45A4-4C6F-4DB6-8703-7F8DA43D6604}"
EndProject
Project("{FAE04EC0-301F-11D3-BF4B-00C04F79EFBC}") = "GovErp.Domain.Validation", "src\GovErp.Domain.Validation\GovErp.Domain.Validation.csproj", "{F55A2667-461E-4CDC-BBB4-DC4A89D9A9A1}"
EndProject
Project("{FAE04EC0-301F-11D3-BF4B-00C04F79EFBC}") = "GovErp.Infrastructure", "src\GovErp.Infrastructure\GovErp.Infrastructure.csproj", "{C692EABC-5067-4EE9-9599-44DFA84E087D}"
EndProject
Project("{FAE04EC0-301F-11D3-BF4B-00C04F79EFBC}") = "GovErp.Web", "src\GovErp.Web\GovErp.Web.csproj", "{04E1A5BD-7CB8-4A71-95BB-CA3E416EC3C8}"
EndProject
Project("{2150E333-8FDC-42A3-9474-1A3956D46DE8}") = "tests", "tests", "{0AB3BF05-4346-4AA6-1389-037BE0695223}"
EndProject
Project("{FAE04EC0-301F-11D3-BF4B-00C04F79EFBC}") = "GovErp.Architecture.Tests", "tests\GovErp.Architecture.Tests\GovErp.Architecture.Tests.csproj", "{B887AF09-E471-4B1A-8C3F-E6527BE2C089}"
EndProject
Project("{FAE04EC0-301F-11D3-BF4B-00C04F79EFBC}") = "GovErp.Domain.ChartOfAccounts.Tests", "tests\GovErp.Domain.ChartOfAccounts.Tests\GovErp.Domain.ChartOfAccounts.Tests.csproj", "{FC7AF049-A27E-4A63-98CD-75F7CD64C0C3}"
EndProject
Project("{FAE04EC0-301F-11D3-BF4B-00C04F79EFBC}") = "GovErp.Domain.Ledger.Tests", "tests\GovErp.Domain.Ledger.Tests\GovErp.Domain.Ledger.Tests.csproj", "{C05ED5B0-1851-4447-9A63-D2A4DEE243A2}"
EndProject
Project("{FAE04EC0-301F-11D3-BF4B-00C04F79EFBC}") = "GovErp.Domain.Payables.Tests", "tests\GovErp.Domain.Payables.Tests\GovErp.Domain.Payables.Tests.csproj", "{72FE6C2A-D90A-40CA-B812-3662297CECDD}"
EndProject
Project("{FAE04EC0-301F-11D3-BF4B-00C04F79EFBC}") = "GovErp.Domain.Shared.Tests", "tests\GovErp.Domain.Shared.Tests\GovErp.Domain.Shared.Tests.csproj", "{C7EBC302-D5FB-41EB-8DDE-B96EBDF24B9F}"
EndProject
Project("{FAE04EC0-301F-11D3-BF4B-00C04F79EFBC}") = "GovErp.Domain.Validation.Tests", "tests\GovErp.Domain.Validation.Tests\GovErp.Domain.Validation.Tests.csproj", "{DFB785EE-C5CC-475A-A154-6C4526690E65}"
EndProject
Global
	GlobalSection(SolutionConfigurationPlatforms) = preSolution
		Debug|Any CPU = Debug|Any CPU
		Debug|x64 = Debug|x64
		Debug|x86 = Debug|x86
		Release|Any CPU = Release|Any CPU
		Release|x64 = Release|x64
		Release|x86 = Release|x86
	EndGlobalSection
	GlobalSection(ProjectConfigurationPlatforms) = postSolution
		{F9C3C85B-CA52-49CB-A330-A095D8AD3BC3}.Debug|Any CPU.ActiveCfg = Debug|Any CPU
		{F9C3C85B-CA52-49CB-A330-A095D8AD3BC3}.Debug|Any CPU.Build.0 = Debug|Any CPU
		{F9C3C85B-CA52-49CB-A330-A095D8AD3BC3}.Debug|x64.ActiveCfg = Debug|Any CPU
		{F9C3C85B-CA52-49CB-A330-A095D8AD3BC3}.Debug|x64.Build.0 = Debug|Any CPU
		{F9C3C85B-CA52-49CB-A330-A095D8AD3BC3}.Debug|x86.ActiveCfg = Debug|Any CPU
		{F9C3C85B-CA52-49CB-A330-A095D8AD3BC3}.Debug|x86.Build.0 = Debug|Any CPU
		{F9C3C85B-CA52-49CB-A330-A095D8AD3BC3}.Release|Any CPU.ActiveCfg = Release|Any CPU
		{F9C3C85B-CA52-49CB-A330-A095D8AD3BC3}.Release|Any CPU.Build.0 = Release|Any CPU
		{F9C3C85B-CA52-49CB-A330-A095D8AD3BC3}.Release|x64.ActiveCfg = Release|Any CPU
		{F9C3C85B-CA52-49CB-A330-A095D8AD3BC3}.Release|x64.Build.0 = Release|Any CPU
		{F9C3C85B-CA52-49CB-A330-A095D8AD3BC3}.Release|x86.ActiveCfg = Release|Any CPU
		{F9C3C85B-CA52-49CB-A330-A095D8AD3BC3}.Release|x86.Build.0 = Release|Any CPU
		{03D94EDF-6550-46FD-B8FF-9CF0C1849D93}.Debug|Any CPU.ActiveCfg = Debug|Any CPU
		{03D94EDF-6550-46FD-B8FF-9CF0C1849D93}.Debug|Any CPU.Build.0 = Debug|Any CPU
		{03D94EDF-6550-46FD-B8FF-9CF0C1849D93}.Debug|x64.ActiveCfg = Debug|Any CPU
		{03D94EDF-6550-46FD-B8FF-9CF0C1849D93}.Debug|x64.Build.0 = Debug|Any CPU
		{03D94EDF-6550-46FD-B8FF-9CF0C1849D93}.Debug|x86.ActiveCfg = Debug|Any CPU
		{03D94EDF-6550-46FD-B8FF-9CF0C1849D93}.Debug|x86.Build.0 = Debug|Any CPU
		{03D94EDF-6550-46FD-B8FF-9CF0C1849D93}.Release|Any CPU.ActiveCfg = Release|Any CPU
		{03D94EDF-6550-46FD-B8FF-9CF0C1849D93}.Release|Any CPU.Build.0 = Release|Any CPU
		{03D94EDF-6550-46FD-B8FF-9CF0C1849D93}.Release|x64.ActiveCfg = Release|Any CPU
		{03D94EDF-6550-46FD-B8FF-9CF0C1849D93}.Release|x64.Build.0 = Release|Any CPU
		{03D94EDF-6550-46FD-B8FF-9CF0C1849D93}.Release|x86.ActiveCfg = Release|Any CPU
		{03D94EDF-6550-46FD-B8FF-9CF0C1849D93}.Release|x86.Build.0 = Release|Any CPU
		{46A44522-9823-4DA3-B3EF-64E37F7BB1E5}.Debug|Any CPU.ActiveCfg = Debug|Any CPU
		{46A44522-9823-4DA3-B3EF-64E37F7BB1E5}.Debug|Any CPU.Build.0 = Debug|Any CPU
		{46A44522-9823-4DA3-B3EF-64E37F7BB1E5}.Debug|x64.ActiveCfg = Debug|Any CPU
		{46A44522-9823-4DA3-B3EF-64E37F7BB1E5}.Debug|x64.Build.0 = Debug|Any CPU
		{46A44522-9823-4DA3-B3EF-64E37F7BB1E5}.Debug|x86.ActiveCfg = Debug|Any CPU
		{46A44522-9823-4DA3-B3EF-64E37F7BB1E5}.Debug|x86.Build.0 = Debug|Any CPU
		{46A44522-9823-4DA3-B3EF-64E37F7BB1E5}.Release|Any CPU.ActiveCfg = Release|Any CPU
		{46A44522-9823-4DA3-B3EF-64E37F7BB1E5}.Release|Any CPU.Build.0 = Release|Any CPU
		{46A44522-9823-4DA3-B3EF-64E37F7BB1E5}.Release|x64.ActiveCfg = Release|Any CPU
		{46A44522-9823-4DA3-B3EF-64E37F7BB1E5}.Release|x64.Build.0 = Release|Any CPU
		{46A44522-9823-4DA3-B3EF-64E37F7BB1E5}.Release|x86.ActiveCfg = Release|Any CPU
		{46A44522-9823-4DA3-B3EF-64E37F7BB1E5}.Release|x86.Build.0 = Release|Any CPU
		{F145075C-C4FC-4150-BC58-BA83EB16A1D2}.Debug|Any CPU.ActiveCfg = Debug|Any CPU
		{F145075C-C4FC-4150-BC58-BA83EB16A1D2}.Debug|Any CPU.Build.0 = Debug|Any CPU
		{F145075C-C4FC-4150-BC58-BA83EB16A1D2}.Debug|x64.ActiveCfg = Debug|Any CPU
		{F145075C-C4FC-4150-BC58-BA83EB16A1D2}.Debug|x64.Build.0 = Debug|Any CPU
		{F145075C-C4FC-4150-BC58-BA83EB16A1D2}.Debug|x86.ActiveCfg = Debug|Any CPU
		{F145075C-C4FC-4150-BC58-BA83EB16A1D2}.Debug|x86.Build.0 = Debug|Any CPU
		{F145075C-C4FC-4150-BC58-BA83EB16A1D2}.Release|Any CPU.ActiveCfg = Release|Any CPU
		{F145075C-C4FC-4150-BC58-BA83EB16A1D2}.Release|Any CPU.Build.0 = Release|Any CPU
		{F145075C-C4FC-4150-BC58-BA83EB16A1D2}.Release|x64.ActiveCfg = Release|Any CPU
		{F145075C-C4FC-4150-BC58-BA83EB16A1D2}.Release|x64.Build.0 = Release|Any CPU
		{F145075C-C4FC-4150-BC58-BA83EB16A1D2}.Release|x86.ActiveCfg = Release|Any CPU
		{F145075C-C4FC-4150-BC58-BA83EB16A1D2}.Release|x86.Build.0 = Release|Any CPU
		{048D45A4-4C6F-4DB6-8703-7F8DA43D6604}.Debug|Any CPU.ActiveCfg = Debug|Any CPU
		{048D45A4-4C6F-4DB6-8703-7F8DA43D6604}.Debug|Any CPU.Build.0 = Debug|Any CPU
		{048D45A4-4C6F-4DB6-8703-7F8DA43D6604}.Debug|x64.ActiveCfg = Debug|Any CPU
		{048D45A4-4C6F-4DB6-8703-7F8DA43D6604}.Debug|x64.Build.0 = Debug|Any CPU
		{048D45A4-4C6F-4DB6-8703-7F8DA43D6604}.Debug|x86.ActiveCfg = Debug|Any CPU
		{048D45A4-4C6F-4DB6-8703-7F8DA43D6604}.Debug|x86.Build.0 = Debug|Any CPU
		{048D45A4-4C6F-4DB6-8703-7F8DA43D6604}.Release|Any CPU.ActiveCfg = Release|Any CPU
		{048D45A4-4C6F-4DB6-8703-7F8DA43D6604}.Release|Any CPU.Build.0 = Release|Any CPU
		{048D45A4-4C6F-4DB6-8703-7F8DA43D6604}.Release|x64.ActiveCfg = Release|Any CPU
		{048D45A4-4C6F-4DB6-8703-7F8DA43D6604}.Release|x64.Build.0 = Release|Any CPU
		{048D45A4-4C6F-4DB6-8703-7F8DA43D6604}.Release|x86.ActiveCfg = Release|Any CPU
		{048D45A4-4C6F-4DB6-8703-7F8DA43D6604}.Release|x86.Build.0 = Release|Any CPU
		{F55A2667-461E-4CDC-BBB4-DC4A89D9A9A1}.Debug|Any CPU.ActiveCfg = Debug|Any CPU
		{F55A2667-461E-4CDC-BBB4-DC4A89D9A9A1}.Debug|Any CPU.Build.0 = Debug|Any CPU
		{F55A2667-461E-4CDC-BBB4-DC4A89D9A9A1}.Debug|x64.ActiveCfg = Debug|Any CPU
		{F55A2667-461E-4CDC-BBB4-DC4A89D9A9A1}.Debug|x64.Build.0 = Debug|Any CPU
		{F55A2667-461E-4CDC-BBB4-DC4A89D9A9A1}.Debug|x86.ActiveCfg = Debug|Any CPU
		{F55A2667-461E-4CDC-BBB4-DC4A89D9A9A1}.Debug|x86.Build.0 = Debug|Any CPU
		{F55A2667-461E-4CDC-BBB4-DC4A89D9A9A1}.Release|Any CPU.ActiveCfg = Release|Any CPU
		{F55A2667-461E-4CDC-BBB4-DC4A89D9A9A1}.Release|Any CPU.Build.0 = Release|Any CPU
		{F55A2667-461E-4CDC-BBB4-DC4A89D9A9A1}.Release|x64.ActiveCfg = Release|Any CPU
		{F55A2667-461E-4CDC-BBB4-DC4A89D9A9A1}.Release|x64.Build.0 = Release|Any CPU
		{F55A2667-461E-4CDC-BBB4-DC4A89D9A9A1}.Release|x86.ActiveCfg = Release|Any CPU
		{F55A2667-461E-4CDC-BBB4-DC4A89D9A9A1}.Release|x86.Build.0 = Release|Any CPU
		{C692EABC-5067-4EE9-9599-44DFA84E087D}.Debug|Any CPU.ActiveCfg = Debug|Any CPU
		{C692EABC-5067-4EE9-9599-44DFA84E087D}.Debug|Any CPU.Build.0 = Debug|Any CPU
		{C692EABC-5067-4EE9-9599-44DFA84E087D}.Debug|x64.ActiveCfg = Debug|Any CPU
		{C692EABC-5067-4EE9-9599-44DFA84E087D}.Debug|x64.Build.0 = Debug|Any CPU
		{C692EABC-5067-4EE9-9599-44DFA84E087D}.Debug|x86.ActiveCfg = Debug|Any CPU
		{C692EABC-5067-4EE9-9599-44DFA84E087D}.Debug|x86.Build.0 = Debug|Any CPU
		{C692EABC-5067-4EE9-9599-44DFA84E087D}.Release|Any CPU.ActiveCfg = Release|Any CPU
		{C692EABC-5067-4EE9-9599-44DFA84E087D}.Release|Any CPU.Build.0 = Release|Any CPU
		{C692EABC-5067-4EE9-9599-44DFA84E087D}.Release|x64.ActiveCfg = Release|Any CPU
		{C692EABC-5067-4EE9-9599-44DFA84E087D}.Release|x64.Build.0 = Release|Any CPU
		{C692EABC-5067-4EE9-9599-44DFA84E087D}.Release|x86.ActiveCfg = Release|Any CPU
		{C692EABC-5067-4EE9-9599-44DFA84E087D}.Release|x86.Build.0 = Release|Any CPU
		{04E1A5BD-7CB8-4A71-95BB-CA3E416EC3C8}.Debug|Any CPU.ActiveCfg = Debug|Any CPU
		{04E1A5BD-7CB8-4A71-95BB-CA3E416EC3C8}.Debug|Any CPU.Build.0 = Debug|Any CPU
		{04E1A5BD-7CB8-4A71-95BB-CA3E416EC3C8}.Debug|x64.ActiveCfg = Debug|Any CPU
		{04E1A5BD-7CB8-4A71-95BB-CA3E416EC3C8}.Debug|x64.Build.0 = Debug|Any CPU
		{04E1A5BD-7CB8-4A71-95BB-CA3E416EC3C8}.Debug|x86.ActiveCfg = Debug|Any CPU
		{04E1A5BD-7CB8-4A71-95BB-CA3E416EC3C8}.Debug|x86.Build.0 = Debug|Any CPU
		{04E1A5BD-7CB8-4A71-95BB-CA3E416EC3C8}.Release|Any CPU.ActiveCfg = Release|Any CPU
		{04E1A5BD-7CB8-4A71-95BB-CA3E416EC3C8}.Release|Any CPU.Build.0 = Release|Any CPU
		{04E1A5BD-7CB8-4A71-95BB-CA3E416EC3C8}.Release|x64.ActiveCfg = Release|Any CPU
		{04E1A5BD-7CB8-4A71-95BB-CA3E416EC3C8}.Release|x64.Build.0 = Release|Any CPU
		{04E1A5BD-7CB8-4A71-95BB-CA3E416EC3C8}.Release|x86.ActiveCfg = Release|Any CPU
		{04E1A5BD-7CB8-4A71-95BB-CA3E416EC3C8}.Release|x86.Build.0 = Release|Any CPU
		{B887AF09-E471-4B1A-8C3F-E6527BE2C089}.Debug|Any CPU.ActiveCfg = Debug|Any CPU
		{B887AF09-E471-4B1A-8C3F-E6527BE2C089}.Debug|Any CPU.Build.0 = Debug|Any CPU
		{B887AF09-E471-4B1A-8C3F-E6527BE2C089}.Debug|x64.ActiveCfg = Debug|Any CPU
		{B887AF09-E471-4B1A-8C3F-E6527BE2C089}.Debug|x64.Build.0 = Debug|Any CPU
		{B887AF09-E471-4B1A-8C3F-E6527BE2C089}.Debug|x86.ActiveCfg = Debug|Any CPU
		{B887AF09-E471-4B1A-8C3F-E6527BE2C089}.Debug|x86.Build.0 = Debug|Any CPU
		{B887AF09-E471-4B1A-8C3F-E6527BE2C089}.Release|Any CPU.ActiveCfg = Release|Any CPU
		{B887AF09-E471-4B1A-8C3F-E6527BE2C089}.Release|Any CPU.Build.0 = Release|Any CPU
		{B887AF09-E471-4B1A-8C3F-E6527BE2C089}.Release|x64.ActiveCfg = Release|Any CPU
		{B887AF09-E471-4B1A-8C3F-E6527BE2C089}.Release|x64.Build.0 = Release|Any CPU
		{B887AF09-E471-4B1A-8C3F-E6527BE2C089}.Release|x86.ActiveCfg = Release|Any CPU
		{B887AF09-E471-4B1A-8C3F-E6527BE2C089}.Release|x86.Build.0 = Release|Any CPU
		{FC7AF049-A27E-4A63-98CD-75F7CD64C0C3}.Debug|Any CPU.ActiveCfg = Debug|Any CPU
		{FC7AF049-A27E-4A63-98CD-75F7CD64C0C3}.Debug|Any CPU.Build.0 = Debug|Any CPU
		{FC7AF049-A27E-4A63-98CD-75F7CD64C0C3}.Debug|x64.ActiveCfg = Debug|Any CPU
		{FC7AF049-A27E-4A63-98CD-75F7CD64C0C3}.Debug|x64.Build.0 = Debug|Any CPU
		{FC7AF049-A27E-4A63-98CD-75F7CD64C0C3}.Debug|x86.ActiveCfg = Debug|Any CPU
		{FC7AF049-A27E-4A63-98CD-75F7CD64C0C3}.Debug|x86.Build.0 = Debug|Any CPU
		{FC7AF049-A27E-4A63-98CD-75F7CD64C0C3}.Release|Any CPU.ActiveCfg = Release|Any CPU
		{FC7AF049-A27E-4A63-98CD-75F7CD64C0C3}.Release|Any CPU.Build.0 = Release|Any CPU
		{FC7AF049-A27E-4A63-98CD-75F7CD64C0C3}.Release|x64.ActiveCfg = Release|Any CPU
		{FC7AF049-A27E-4A63-98CD-75F7CD64C0C3}.Release|x64.Build.0 = Release|Any CPU
		{FC7AF049-A27E-4A63-98CD-75F7CD64C0C3}.Release|x86.ActiveCfg = Release|Any CPU
		{FC7AF049-A27E-4A63-98CD-75F7CD64C0C3}.Release|x86.Build.0 = Release|Any CPU
		{C05ED5B0-1851-4447-9A63-D2A4DEE243A2}.Debug|Any CPU.ActiveCfg = Debug|Any CPU
		{C05ED5B0-1851-4447-9A63-D2A4DEE243A2}.Debug|Any CPU.Build.0 = Debug|Any CPU
		{C05ED5B0-1851-4447-9A63-D2A4DEE243A2}.Debug|x64.ActiveCfg = Debug|Any CPU
		{C05ED5B0-1851-4447-9A63-D2A4DEE243A2}.Debug|x64.Build.0 = Debug|Any CPU
		{C05ED5B0-1851-4447-9A63-D2A4DEE243A2}.Debug|x86.ActiveCfg = Debug|Any CPU
		{C05ED5B0-1851-4447-9A63-D2A4DEE243A2}.Debug|x86.Build.0 = Debug|Any CPU
		{C05ED5B0-1851-4447-9A63-D2A4DEE243A2}.Release|Any CPU.ActiveCfg = Release|Any CPU
		{C05ED5B0-1851-4447-9A63-D2A4DEE243A2}.Release|Any CPU.Build.0 = Release|Any CPU
		{C05ED5B0-1851-4447-9A63-D2A4DEE243A2}.Release|x64.ActiveCfg = Release|Any CPU
		{C05ED5B0-1851-4447-9A63-D2A4DEE243A2}.Release|x64.Build.0 = Release|Any CPU
		{C05ED5B0-1851-4447-9A63-D2A4DEE243A2}.Release|x86.ActiveCfg = Release|Any CPU
		{C05ED5B0-1851-4447-9A63-D2A4DEE243A2}.Release|x86.Build.0 = Release|Any CPU
		{72FE6C2A-D90A-40CA-B812-3662297CECDD}.Debug|Any CPU.ActiveCfg = Debug|Any CPU
		{72FE6C2A-D90A-40CA-B812-3662297CECDD}.Debug|Any CPU.Build.0 = Debug|Any CPU
		{72FE6C2A-D90A-40CA-B812-3662297CECDD}.Debug|x64.ActiveCfg = Debug|Any CPU
		{72FE6C2A-D90A-40CA-B812-3662297CECDD}.Debug|x64.Build.0 = Debug|Any CPU
		{72FE6C2A-D90A-40CA-B812-3662297CECDD}.Debug|x86.ActiveCfg = Debug|Any CPU
		{72FE6C2A-D90A-40CA-B812-3662297CECDD}.Debug|x86.Build.0 = Debug|Any CPU
		{72FE6C2A-D90A-40CA-B812-3662297CECDD}.Release|Any CPU.ActiveCfg = Release|Any CPU
		{72FE6C2A-D90A-40CA-B812-3662297CECDD}.Release|Any CPU.Build.0 = Release|Any CPU
		{72FE6C2A-D90A-40CA-B812-3662297CECDD}.Release|x64.ActiveCfg = Release|Any CPU
		{72FE6C2A-D90A-40CA-B812-3662297CECDD}.Release|x64.Build.0 = Release|Any CPU
		{72FE6C2A-D90A-40CA-B812-3662297CECDD}.Release|x86.ActiveCfg = Release|Any CPU
		{72FE6C2A-D90A-40CA-B812-3662297CECDD}.Release|x86.Build.0 = Release|Any CPU
		{C7EBC302-D5FB-41EB-8DDE-B96EBDF24B9F}.Debug|Any CPU.ActiveCfg = Debug|Any CPU
		{C7EBC302-D5FB-41EB-8DDE-B96EBDF24B9F}.Debug|Any CPU.Build.0 = Debug|Any CPU
		{C7EBC302-D5FB-41EB-8DDE-B96EBDF24B9F}.Debug|x64.ActiveCfg = Debug|Any CPU
		{C7EBC302-D5FB-41EB-8DDE-B96EBDF24B9F}.Debug|x64.Build.0 = Debug|Any CPU
		{C7EBC302-D5FB-41EB-8DDE-B96EBDF24B9F}.Debug|x86.ActiveCfg = Debug|Any CPU
		{C7EBC302-D5FB-41EB-8DDE-B96EBDF24B9F}.Debug|x86.Build.0 = Debug|Any CPU
		{C7EBC302-D5FB-41EB-8DDE-B96EBDF24B9F}.Release|Any CPU.ActiveCfg = Release|Any CPU
		{C7EBC302-D5FB-41EB-8DDE-B96EBDF24B9F}.Release|Any CPU.Build.0 = Release|Any CPU
		{C7EBC302-D5FB-41EB-8DDE-B96EBDF24B9F}.Release|x64.ActiveCfg = Release|Any CPU
		{C7EBC302-D5FB-41EB-8DDE-B96EBDF24B9F}.Release|x64.Build.0 = Release|Any CPU
		{C7EBC302-D5FB-41EB-8DDE-B96EBDF24B9F}.Release|x86.ActiveCfg = Release|Any CPU
		{C7EBC302-D5FB-41EB-8DDE-B96EBDF24B9F}.Release|x86.Build.0 = Release|Any CPU
		{DFB785EE-C5CC-475A-A154-6C4526690E65}.Debug|Any CPU.ActiveCfg = Debug|Any CPU
		{DFB785EE-C5CC-475A-A154-6C4526690E65}.Debug|Any CPU.Build.0 = Debug|Any CPU
		{DFB785EE-C5CC-475A-A154-6C4526690E65}.Debug|x64.ActiveCfg = Debug|Any CPU
		{DFB785EE-C5CC-475A-A154-6C4526690E65}.Debug|x64.Build.0 = Debug|Any CPU
		{DFB785EE-C5CC-475A-A154-6C4526690E65}.Debug|x86.ActiveCfg = Debug|Any CPU
		{DFB785EE-C5CC-475A-A154-6C4526690E65}.Debug|x86.Build.0 = Debug|Any CPU
		{DFB785EE-C5CC-475A-A154-6C4526690E65}.Release|Any CPU.ActiveCfg = Release|Any CPU
		{DFB785EE-C5CC-475A-A154-6C4526690E65}.Release|Any CPU.Build.0 = Release|Any CPU
		{DFB785EE-C5CC-475A-A154-6C4526690E65}.Release|x64.ActiveCfg = Release|Any CPU
		{DFB785EE-C5CC-475A-A154-6C4526690E65}.Release|x64.Build.0 = Release|Any CPU
		{DFB785EE-C5CC-475A-A154-6C4526690E65}.Release|x86.ActiveCfg = Release|Any CPU
		{DFB785EE-C5CC-475A-A154-6C4526690E65}.Release|x86.Build.0 = Release|Any CPU
	EndGlobalSection
	GlobalSection(SolutionProperties) = preSolution
		HideSolutionNode = FALSE
	EndGlobalSection
	GlobalSection(NestedProjects) = preSolution
		{F9C3C85B-CA52-49CB-A330-A095D8AD3BC3} = {827E0CD3-B72D-47B6-A68D-7590B98EB39B}
		{03D94EDF-6550-46FD-B8FF-9CF0C1849D93} = {827E0CD3-B72D-47B6-A68D-7590B98EB39B}
		{46A44522-9823-4DA3-B3EF-64E37F7BB1E5} = {827E0CD3-B72D-47B6-A68D-7590B98EB39B}
		{F145075C-C4FC-4150-BC58-BA83EB16A1D2} = {827E0CD3-B72D-47B6-A68D-7590B98EB39B}
		{048D45A4-4C6F-4DB6-8703-7F8DA43D6604} = {827E0CD3-B72D-47B6-A68D-7590B98EB39B}
		{F55A2667-461E-4CDC-BBB4-DC4A89D9A9A1} = {827E0CD3-B72D-47B6-A68D-7590B98EB39B}
		{C692EABC-5067-4EE9-9599-44DFA84E087D} = {827E0CD3-B72D-47B6-A68D-7590B98EB39B}
		{04E1A5BD-7CB8-4A71-95BB-CA3E416EC3C8} = {827E0CD3-B72D-47B6-A68D-7590B98EB39B}
		{B887AF09-E471-4B1A-8C3F-E6527BE2C089} = {0AB3BF05-4346-4AA6-1389-037BE0695223}
		{FC7AF049-A27E-4A63-98CD-75F7CD64C0C3} = {0AB3BF05-4346-4AA6-1389-037BE0695223}
		{C05ED5B0-1851-4447-9A63-D2A4DEE243A2} = {0AB3BF05-4346-4AA6-1389-037BE0695223}
		{72FE6C2A-D90A-40CA-B812-3662297CECDD} = {0AB3BF05-4346-4AA6-1389-037BE0695223}
		{C7EBC302-D5FB-41EB-8DDE-B96EBDF24B9F} = {0AB3BF05-4346-4AA6-1389-037BE0695223}
		{DFB785EE-C5CC-475A-A154-6C4526690E65} = {0AB3BF05-4346-4AA6-1389-037BE0695223}
	EndGlobalSection
EndGlobal
